
Microsoft Visual Studio Solution File, Format Version 12.00
# Visual Studio Version 17
VisualStudioVersion = 17.3.32825.248
MinimumVisualStudioVersion = 10.0.40219.1
Project("{9A19103F-16F7-4668-BE54-9A1E7A4F7556}") = "OOPIntro", "OOPIntro\OOPIntro.csproj", "{70911895-7E3E-4B78-964F-593CA3BAB8DF}"
EndProject
Project("{9A19103F-16F7-4668-BE54-9A1E7A4F7556}") = "Encapsulation", "Encapsulation\Encapsulation.csproj", "{AAFB15DA-28D5-47E3-9232-7E4C61CA24F6}"
EndProject
Project("{9A19103F-16F7-4668-BE54-9A1E7A4F7556}") = "Static", "Static\Static.csproj", "{2F88AFC9-2199-4D06-A809-CB64999B4E09}"
EndProject
Project("{9A19103F-16F7-4668-BE54-9A1E7A4F7556}") = "StaticMembers", "StaticMembers\StaticMembers.csproj", "{4A2B5213-9171-49D2-92E4-8674E7D65659}"
EndProject
Project("{9A19103F-16F7-4668-BE54-9A1E7A4F7556}") = "OOPBasicProject", "OOPBasicProject\OOPBasicProject.csproj", "{C1C6CD0C-E75F-4E40-A77E-3E8EA13C3389}"
EndProject
Project("{9A19103F-16F7-4668-BE54-9A1E7A4F7556}") = "InnerType", "InnerType\InnerType.csproj", "{67363CD2-9E30-4521-BC04-2E57BB909608}"
EndProject
Project("{9A19103F-16F7-4668-BE54-9A1E7A4F7556}") = "Inheritance", "Inheritance\Inheritance.csproj", "{8AF7C1BD-D584-4593-A17C-44D80D9F70C9}"
EndProject
Project("{9A19103F-16F7-4668-BE54-9A1E7A4F7556}") = "InheritanceProject", "InheritanceProject\InheritanceProject.csproj", "{D7AFB572-D25F-448C-A092-92DD8F597CEC}"
EndProject
Project("{9A19103F-16F7-4668-BE54-9A1E7A4F7556}") = "VirtualMethods", "VirtualMethods\VirtualMethods.csproj", "{24588134-E391-4F1F-BB38-CC9F35D5EB1D}"
EndProject
Project("{9A19103F-16F7-4668-BE54-9A1E7A4F7556}") = "Abstraction", "Abstraction\Abstraction.csproj", "{877B8F23-5608-4E77-BF8B-F4E8516BCA81}"
EndProject
Project("{9A19103F-16F7-4668-BE54-9A1E7A4F7556}") = "Interface", "Interface\Interface.csproj", "{913EE56C-5532-460A-BFAF-FAEE9298894E}"
EndProject
Project("{9A19103F-16F7-4668-BE54-9A1E7A4F7556}") = "PartialClass", "PartialClass\PartialClass.csproj", "{A5528DCA-6574-4359-9D7C-4DFBB0D8FB33}"
EndProject
Project("{9A19103F-16F7-4668-BE54-9A1E7A4F7556}") = "Enums", "Enums\Enums.csproj", "{D7CD0418-3DA5-4BE0-B7FC-C8FCEB582FDD}"
EndProject
Project("{9A19103F-16F7-4668-BE54-9A1E7A4F7556}") = "GenericLists", "GenericCollections\GenericLists.csproj", "{3BEA5D0F-1E2D-453B-A45C-3ED0AF1B45C0}"
EndProject
Project("{9A19103F-16F7-4668-BE54-9A1E7A4F7556}") = "DictionaryAndSortedList", "DictionaryAndSortedList\DictionaryAndSortedList.csproj", "{558C3B52-2814-4005-9A3F-7EF499E77D38}"
EndProject
Project("{9A19103F-16F7-4668-BE54-9A1E7A4F7556}") = "SystemIO.DirectoryOperations", "SystemIO.DirectoryOperations\SystemIO.DirectoryOperations.csproj", "{01C0D045-7A94-48BD-AA70-2B2EF70A9774}"
EndProject
Project("{9A19103F-16F7-4668-BE54-9A1E7A4F7556}") = "SystemIO.FileOperations", "SystemIO.FileOperations\SystemIO.FileOperations.csproj", "{BF66DA62-9DE0-427F-9EA3-892A58158EDC}"
EndProject
Project("{9A19103F-16F7-4668-BE54-9A1E7A4F7556}") = "SystemIO.Practice", "SystemIO.Practice\SystemIO.Practice.csproj", "{B337A26E-5CD4-4D05-B027-02FB269625E7}"
EndProject
Project("{9A19103F-16F7-4668-BE54-9A1E7A4F7556}") = "Exceptions", "Exceptions\Exceptions.csproj", "{954668CF-D056-454C-A419-300D19837668}"
EndProject
Project("{9A19103F-16F7-4668-BE54-9A1E7A4F7556}") = "AnonymousTypes", "AnonymousTypes\AnonymousTypes.csproj", "{6D6C37FA-ACBE-44E8-A0B6-7DA494D7678F}"
EndProject
Project("{9A19103F-16F7-4668-BE54-9A1E7A4F7556}") = "TryCatchWhen", "TryCatchWhen\TryCatchWhen.csproj", "{0C0B86E4-FDD9-46CF-8B7A-0D3D25B0BA6C}"
EndProject
Project("{9A19103F-16F7-4668-BE54-9A1E7A4F7556}") = "Delegates", "Delegates\Delegates.csproj", "{728A369A-9EE9-4858-B85E-4B96D03B60AC}"
EndProject
Project("{9A19103F-16F7-4668-BE54-9A1E7A4F7556}") = "LINQTechnology", "LINQTechnology\LINQTechnology.csproj", "{1766E525-7999-443C-B56D-F9FCBD6B97BE}"
EndProject
Project("{9A19103F-16F7-4668-BE54-9A1E7A4F7556}") = "LINQTechnology2", "LINQTechnology2\LINQTechnology2.csproj", "{CA40CBD9-0448-4D7C-8115-42000244FF2B}"
EndProject
Project("{9A19103F-16F7-4668-BE54-9A1E7A4F7556}") = "LINQTechnology3", "LINQTechnology3\LINQTechnology3.csproj", "{208195D9-6285-41A9-B4DB-91785D51BAB0}"
EndProject
Project("{9A19103F-16F7-4668-BE54-9A1E7A4F7556}") = "LINQTechnology4_DelegateTypes", "LINQTechnology4\LINQTechnology4_DelegateTypes.csproj", "{80EED3F5-EC8C-4894-B56C-6C4598022D8A}"
EndProject
Project("{9A19103F-16F7-4668-BE54-9A1E7A4F7556}") = "XML", "XML\XML.csproj", "{D2607C26-A6E0-4FFC-AE2F-3720A672B429}"
EndProject
Project("{9A19103F-16F7-4668-BE54-9A1E7A4F7556}") = "LINQ_TO_XML", "LINQ_TO_XML\LINQ_TO_XML.csproj", "{C7867D15-637A-4524-8E6B-8E0D55944D05}"
EndProject
Project("{FAE04EC0-301F-11D3-BF4B-00C04F79EFBC}") = "RSSFileReading", "RSSFileReading\RSSFileReading.csproj", "{0007FD67-9964-490E-8221-3C9E211FB79B}"
EndProject
Project("{9A19103F-16F7-4668-BE54-9A1E7A4F7556}") = "Json", "Json\Json.csproj", "{BE533014-F49A-48E1-A7DF-ED772DFEF423}"
EndProject
Project("{9A19103F-16F7-4668-BE54-9A1E7A4F7556}") = "CSVFile_ReadingWriting", "CSVFile_ReadingWriting\CSVFile_ReadingWriting.csproj", "{FDAA307E-4953-44FD-BB27-575DB7617383}"
EndProject
Project("{9A19103F-16F7-4668-BE54-9A1E7A4F7556}") = "CustomDLL", "CustomDLL\CustomDLL.csproj", "{34ED8FDE-0727-4109-99CE-6CBA2C968E91}"
EndProject
Project("{9A19103F-16F7-4668-BE54-9A1E7A4F7556}") = "UsingDLL", "UsingDLL\UsingDLL.csproj", "{1863F88E-85AD-4C14-9E0C-912056610077}"
EndProject
Project("{9A19103F-16F7-4668-BE54-9A1E7A4F7556}") = "ReflectionLib", "ReflectionLib\ReflectionLib.csproj", "{3BD3FDB9-7E55-4D39-9F90-48097EF7E10E}"
EndProject
Project("{2150E333-8FDC-42A3-9474-1A3956D46DE8}") = "Reflection", "Reflection", "{3E87CFD1-D55E-4DD9-AA5E-7B07901A5FF7}"
EndProject
Project("{9A19103F-16F7-4668-BE54-9A1E7A4F7556}") = "Reflection_Execution", "Reflection_Execution\Reflection_Execution.csproj", "{B955BDAC-087A-4D78-A5F7-BD5E627C437A}"
EndProject
Project("{FAE04EC0-301F-11D3-BF4B-00C04F79EFBC}") = "ReflectionProject", "ReflectionProject\ReflectionProject.csproj", "{22FBA146-EE9D-49C9-92E7-FEBF3F30CBA7}"
EndProject
Project("{2150E333-8FDC-42A3-9474-1A3956D46DE8}") = "DLL_Review", "DLL_Review", "{A3AE93A1-AEAC-44F2-BDB6-C115F701578A}"
EndProject
Project("{FAE04EC0-301F-11D3-BF4B-00C04F79EFBC}") = "MyDLL", "MyDLL\MyDLL.csproj", "{EF20E280-1CDB-4D6C-A75F-587E53820107}"
EndProject
Project("{FAE04EC0-301F-11D3-BF4B-00C04F79EFBC}") = "ProjectForDLL", "ProjectForDLL\ProjectForDLL.csproj", "{AB9A37C8-1A30-422D-B98D-460C39C1F2EA}"
EndProject
Global
	GlobalSection(SolutionConfigurationPlatforms) = preSolution
		Debug|Any CPU = Debug|Any CPU
		Release|Any CPU = Release|Any CPU
	EndGlobalSection
	GlobalSection(ProjectConfigurationPlatforms) = postSolution
		{70911895-7E3E-4B78-964F-593CA3BAB8DF}.Debug|Any CPU.ActiveCfg = Debug|Any CPU
		{70911895-7E3E-4B78-964F-593CA3BAB8DF}.Debug|Any CPU.Build.0 = Debug|Any CPU
		{70911895-7E3E-4B78-964F-593CA3BAB8DF}.Release|Any CPU.ActiveCfg = Release|Any CPU
		{70911895-7E3E-4B78-964F-593CA3BAB8DF}.Release|Any CPU.Build.0 = Release|Any CPU
		{AAFB15DA-28D5-47E3-9232-7E4C61CA24F6}.Debug|Any CPU.ActiveCfg = Debug|Any CPU
		{AAFB15DA-28D5-47E3-9232-7E4C61CA24F6}.Debug|Any CPU.Build.0 = Debug|Any CPU
		{AAFB15DA-28D5-47E3-9232-7E4C61CA24F6}.Release|Any CPU.ActiveCfg = Release|Any CPU
		{AAFB15DA-28D5-47E3-9232-7E4C61CA24F6}.Release|Any CPU.Build.0 = Release|Any CPU
		{2F88AFC9-2199-4D06-A809-CB64999B4E09}.Debug|Any CPU.ActiveCfg = Debug|Any CPU
		{2F88AFC9-2199-4D06-A809-CB64999B4E09}.Debug|Any CPU.Build.0 = Debug|Any CPU
		{2F88AFC9-2199-4D06-A809-CB64999B4E09}.Release|Any CPU.ActiveCfg = Release|Any CPU
		{2F88AFC9-2199-4D06-A809-CB64999B4E09}.Release|Any CPU.Build.0 = Release|Any CPU
		{4A2B5213-9171-49D2-92E4-8674E7D65659}.Debug|Any CPU.ActiveCfg = Debug|Any CPU
		{4A2B5213-9171-49D2-92E4-8674E7D65659}.Debug|Any CPU.Build.0 = Debug|Any CPU
		{4A2B5213-9171-49D2-92E4-8674E7D65659}.Release|Any CPU.ActiveCfg = Release|Any CPU
		{4A2B5213-9171-49D2-92E4-8674E7D65659}.Release|Any CPU.Build.0 = Release|Any CPU
		{C1C6CD0C-E75F-4E40-A77E-3E8EA13C3389}.Debug|Any CPU.ActiveCfg = Debug|Any CPU
		{C1C6CD0C-E75F-4E40-A77E-3E8EA13C3389}.Debug|Any CPU.Build.0 = Debug|Any CPU
		{C1C6CD0C-E75F-4E40-A77E-3E8EA13C3389}.Release|Any CPU.ActiveCfg = Release|Any CPU
		{C1C6CD0C-E75F-4E40-A77E-3E8EA13C3389}.Release|Any CPU.Build.0 = Release|Any CPU
		{67363CD2-9E30-4521-BC04-2E57BB909608}.Debug|Any CPU.ActiveCfg = Debug|Any CPU
		{67363CD2-9E30-4521-BC04-2E57BB909608}.Debug|Any CPU.Build.0 = Debug|Any CPU
		{67363CD2-9E30-4521-BC04-2E57BB909608}.Release|Any CPU.ActiveCfg = Release|Any CPU
		{67363CD2-9E30-4521-BC04-2E57BB909608}.Release|Any CPU.Build.0 = Release|Any CPU
		{8AF7C1BD-D584-4593-A17C-44D80D9F70C9}.Debug|Any CPU.ActiveCfg = Debug|Any CPU
		{8AF7C1BD-D584-4593-A17C-44D80D9F70C9}.Debug|Any CPU.Build.0 = Debug|Any CPU
		{8AF7C1BD-D584-4593-A17C-44D80D9F70C9}.Release|Any CPU.ActiveCfg = Release|Any CPU
		{8AF7C1BD-D584-4593-A17C-44D80D9F70C9}.Release|Any CPU.Build.0 = Release|Any CPU
		{D7AFB572-D25F-448C-A092-92DD8F597CEC}.Debug|Any CPU.ActiveCfg = Debug|Any CPU
		{D7AFB572-D25F-448C-A092-92DD8F597CEC}.Debug|Any CPU.Build.0 = Debug|Any CPU
		{D7AFB572-D25F-448C-A092-92DD8F597CEC}.Release|Any CPU.ActiveCfg = Release|Any CPU
		{D7AFB572-D25F-448C-A092-92DD8F597CEC}.Release|Any CPU.Build.0 = Release|Any CPU
		{24588134-E391-4F1F-BB38-CC9F35D5EB1D}.Debug|Any CPU.ActiveCfg = Debug|Any CPU
		{24588134-E391-4F1F-BB38-CC9F35D5EB1D}.Debug|Any CPU.Build.0 = Debug|Any CPU
		{24588134-E391-4F1F-BB38-CC9F35D5EB1D}.Release|Any CPU.ActiveCfg = Release|Any CPU
		{24588134-E391-4F1F-BB38-CC9F35D5EB1D}.Release|Any CPU.Build.0 = Release|Any CPU
		{877B8F23-5608-4E77-BF8B-F4E8516BCA81}.Debug|Any CPU.ActiveCfg = Debug|Any CPU
		{877B8F23-5608-4E77-BF8B-F4E8516BCA81}.Debug|Any CPU.Build.0 = Debug|Any CPU
		{877B8F23-5608-4E77-BF8B-F4E8516BCA81}.Release|Any CPU.ActiveCfg = Release|Any CPU
		{877B8F23-5608-4E77-BF8B-F4E8516BCA81}.Release|Any CPU.Build.0 = Release|Any CPU
		{913EE56C-5532-460A-BFAF-FAEE9298894E}.Debug|Any CPU.ActiveCfg = Debug|Any CPU
		{913EE56C-5532-460A-BFAF-FAEE9298894E}.Debug|Any CPU.Build.0 = Debug|Any CPU
		{913EE56C-5532-460A-BFAF-FAEE9298894E}.Release|Any CPU.ActiveCfg = Release|Any CPU
		{913EE56C-5532-460A-BFAF-FAEE9298894E}.Release|Any CPU.Build.0 = Release|Any CPU
		{A5528DCA-6574-4359-9D7C-4DFBB0D8FB33}.Debug|Any CPU.ActiveCfg = Debug|Any CPU
		{A5528DCA-6574-4359-9D7C-4DFBB0D8FB33}.Debug|Any CPU.Build.0 = Debug|Any CPU
		{A5528DCA-6574-4359-9D7C-4DFBB0D8FB33}.Release|Any CPU.ActiveCfg = Release|Any CPU
		{A5528DCA-6574-4359-9D7C-4DFBB0D8FB33}.Release|Any CPU.Build.0 = Release|Any CPU
		{D7CD0418-3DA5-4BE0-B7FC-C8FCEB582FDD}.Debug|Any CPU.ActiveCfg = Debug|Any CPU
		{D7CD0418-3DA5-4BE0-B7FC-C8FCEB582FDD}.Debug|Any CPU.Build.0 = Debug|Any CPU
		{D7CD0418-3DA5-4BE0-B7FC-C8FCEB582FDD}.Release|Any CPU.ActiveCfg = Release|Any CPU
		{D7CD0418-3DA5-4BE0-B7FC-C8FCEB582FDD}.Release|Any CPU.Build.0 = Release|Any CPU
		{3BEA5D0F-1E2D-453B-A45C-3ED0AF1B45C0}.Debug|Any CPU.ActiveCfg = Debug|Any CPU
		{3BEA5D0F-1E2D-453B-A45C-3ED0AF1B45C0}.Debug|Any CPU.Build.0 = Debug|Any CPU
		{3BEA5D0F-1E2D-453B-A45C-3ED0AF1B45C0}.Release|Any CPU.ActiveCfg = Release|Any CPU
		{3BEA5D0F-1E2D-453B-A45C-3ED0AF1B45C0}.Release|Any CPU.Build.0 = Release|Any CPU
		{558C3B52-2814-4005-9A3F-7EF499E77D38}.Debug|Any CPU.ActiveCfg = Debug|Any CPU
		{558C3B52-2814-4005-9A3F-7EF499E77D38}.Debug|Any CPU.Build.0 = Debug|Any CPU
		{558C3B52-2814-4005-9A3F-7EF499E77D38}.Release|Any CPU.ActiveCfg = Release|Any CPU
		{558C3B52-2814-4005-9A3F-7EF499E77D38}.Release|Any CPU.Build.0 = Release|Any CPU
		{01C0D045-7A94-48BD-AA70-2B2EF70A9774}.Debug|Any CPU.ActiveCfg = Debug|Any CPU
		{01C0D045-7A94-48BD-AA70-2B2EF70A9774}.Debug|Any CPU.Build.0 = Debug|Any CPU
		{01C0D045-7A94-48BD-AA70-2B2EF70A9774}.Release|Any CPU.ActiveCfg = Release|Any CPU
		{01C0D045-7A94-48BD-AA70-2B2EF70A9774}.Release|Any CPU.Build.0 = Release|Any CPU
		{BF66DA62-9DE0-427F-9EA3-892A58158EDC}.Debug|Any CPU.ActiveCfg = Debug|Any CPU
		{BF66DA62-9DE0-427F-9EA3-892A58158EDC}.Debug|Any CPU.Build.0 = Debug|Any CPU
		{BF66DA62-9DE0-427F-9EA3-892A58158EDC}.Release|Any CPU.ActiveCfg = Release|Any CPU
		{BF66DA62-9DE0-427F-9EA3-892A58158EDC}.Release|Any CPU.Build.0 = Release|Any CPU
		{B337A26E-5CD4-4D05-B027-02FB269625E7}.Debug|Any CPU.ActiveCfg = Debug|Any CPU
		{B337A26E-5CD4-4D05-B027-02FB269625E7}.Debug|Any CPU.Build.0 = Debug|Any CPU
		{B337A26E-5CD4-4D05-B027-02FB269625E7}.Release|Any CPU.ActiveCfg = Release|Any CPU
		{B337A26E-5CD4-4D05-B027-02FB269625E7}.Release|Any CPU.Build.0 = Release|Any CPU
		{954668CF-D056-454C-A419-300D19837668}.Debug|Any CPU.ActiveCfg = Debug|Any CPU
		{954668CF-D056-454C-A419-300D19837668}.Debug|Any CPU.Build.0 = Debug|Any CPU
		{954668CF-D056-454C-A419-300D19837668}.Release|Any CPU.ActiveCfg = Release|Any CPU
		{954668CF-D056-454C-A419-300D19837668}.Release|Any CPU.Build.0 = Release|Any CPU
		{6D6C37FA-ACBE-44E8-A0B6-7DA494D7678F}.Debug|Any CPU.ActiveCfg = Debug|Any CPU
		{6D6C37FA-ACBE-44E8-A0B6-7DA494D7678F}.Debug|Any CPU.Build.0 = Debug|Any CPU
		{6D6C37FA-ACBE-44E8-A0B6-7DA494D7678F}.Release|Any CPU.ActiveCfg = Release|Any CPU
		{6D6C37FA-ACBE-44E8-A0B6-7DA494D7678F}.Release|Any CPU.Build.0 = Release|Any CPU
		{0C0B86E4-FDD9-46CF-8B7A-0D3D25B0BA6C}.Debug|Any CPU.ActiveCfg = Debug|Any CPU
		{0C0B86E4-FDD9-46CF-8B7A-0D3D25B0BA6C}.Debug|Any CPU.Build.0 = Debug|Any CPU
		{0C0B86E4-FDD9-46CF-8B7A-0D3D25B0BA6C}.Release|Any CPU.ActiveCfg = Release|Any CPU
		{0C0B86E4-FDD9-46CF-8B7A-0D3D25B0BA6C}.Release|Any CPU.Build.0 = Release|Any CPU
		{728A369A-9EE9-4858-B85E-4B96D03B60AC}.Debug|Any CPU.ActiveCfg = Debug|Any CPU
		{728A369A-9EE9-4858-B85E-4B96D03B60AC}.Debug|Any CPU.Build.0 = Debug|Any CPU
		{728A369A-9EE9-4858-B85E-4B96D03B60AC}.Release|Any CPU.ActiveCfg = Release|Any CPU
		{728A369A-9EE9-4858-B85E-4B96D03B60AC}.Release|Any CPU.Build.0 = Release|Any CPU
		{1766E525-7999-443C-B56D-F9FCBD6B97BE}.Debug|Any CPU.ActiveCfg = Debug|Any CPU
		{1766E525-7999-443C-B56D-F9FCBD6B97BE}.Debug|Any CPU.Build.0 = Debug|Any CPU
		{1766E525-7999-443C-B56D-F9FCBD6B97BE}.Release|Any CPU.ActiveCfg = Release|Any CPU
		{1766E525-7999-443C-B56D-F9FCBD6B97BE}.Release|Any CPU.Build.0 = Release|Any CPU
		{CA40CBD9-0448-4D7C-8115-42000244FF2B}.Debug|Any CPU.ActiveCfg = Debug|Any CPU
		{CA40CBD9-0448-4D7C-8115-42000244FF2B}.Debug|Any CPU.Build.0 = Debug|Any CPU
		{CA40CBD9-0448-4D7C-8115-42000244FF2B}.Release|Any CPU.ActiveCfg = Release|Any CPU
		{CA40CBD9-0448-4D7C-8115-42000244FF2B}.Release|Any CPU.Build.0 = Release|Any CPU
		{208195D9-6285-41A9-B4DB-91785D51BAB0}.Debug|Any CPU.ActiveCfg = Debug|Any CPU
		{208195D9-6285-41A9-B4DB-91785D51BAB0}.Debug|Any CPU.Build.0 = Debug|Any CPU
		{208195D9-6285-41A9-B4DB-91785D51BAB0}.Release|Any CPU.ActiveCfg = Release|Any CPU
		{208195D9-6285-41A9-B4DB-91785D51BAB0}.Release|Any CPU.Build.0 = Release|Any CPU
		{80EED3F5-EC8C-4894-B56C-6C4598022D8A}.Debug|Any CPU.ActiveCfg = Debug|Any CPU
		{80EED3F5-EC8C-4894-B56C-6C4598022D8A}.Debug|Any CPU.Build.0 = Debug|Any CPU
		{80EED3F5-EC8C-4894-B56C-6C4598022D8A}.Release|Any CPU.ActiveCfg = Release|Any CPU
		{80EED3F5-EC8C-4894-B56C-6C4598022D8A}.Release|Any CPU.Build.0 = Release|Any CPU
		{D2607C26-A6E0-4FFC-AE2F-3720A672B429}.Debug|Any CPU.ActiveCfg = Debug|Any CPU
		{D2607C26-A6E0-4FFC-AE2F-3720A672B429}.Debug|Any CPU.Build.0 = Debug|Any CPU
		{D2607C26-A6E0-4FFC-AE2F-3720A672B429}.Release|Any CPU.ActiveCfg = Release|Any CPU
		{D2607C26-A6E0-4FFC-AE2F-3720A672B429}.Release|Any CPU.Build.0 = Release|Any CPU
		{C7867D15-637A-4524-8E6B-8E0D55944D05}.Debug|Any CPU.ActiveCfg = Debug|Any CPU
		{C7867D15-637A-4524-8E6B-8E0D55944D05}.Debug|Any CPU.Build.0 = Debug|Any CPU
		{C7867D15-637A-4524-8E6B-8E0D55944D05}.Release|Any CPU.ActiveCfg = Release|Any CPU
		{C7867D15-637A-4524-8E6B-8E0D55944D05}.Release|Any CPU.Build.0 = Release|Any CPU
		{0007FD67-9964-490E-8221-3C9E211FB79B}.Debug|Any CPU.ActiveCfg = Debug|Any CPU
		{0007FD67-9964-490E-8221-3C9E211FB79B}.Debug|Any CPU.Build.0 = Debug|Any CPU
		{0007FD67-9964-490E-8221-3C9E211FB79B}.Release|Any CPU.ActiveCfg = Release|Any CPU
		{0007FD67-9964-490E-8221-3C9E211FB79B}.Release|Any CPU.Build.0 = Release|Any CPU
		{BE533014-F49A-48E1-A7DF-ED772DFEF423}.Debug|Any CPU.ActiveCfg = Debug|Any CPU
		{BE533014-F49A-48E1-A7DF-ED772DFEF423}.Debug|Any CPU.Build.0 = Debug|Any CPU
		{BE533014-F49A-48E1-A7DF-ED772DFEF423}.Release|Any CPU.ActiveCfg = Release|Any CPU
		{BE533014-F49A-48E1-A7DF-ED772DFEF423}.Release|Any CPU.Build.0 = Release|Any CPU
		{FDAA307E-4953-44FD-BB27-575DB7617383}.Debug|Any CPU.ActiveCfg = Debug|Any CPU
		{FDAA307E-4953-44FD-BB27-575DB7617383}.Debug|Any CPU.Build.0 = Debug|Any CPU
		{FDAA307E-4953-44FD-BB27-575DB7617383}.Release|Any CPU.ActiveCfg = Release|Any CPU
		{FDAA307E-4953-44FD-BB27-575DB7617383}.Release|Any CPU.Build.0 = Release|Any CPU
		{34ED8FDE-0727-4109-99CE-6CBA2C968E91}.Debug|Any CPU.ActiveCfg = Debug|Any CPU
		{34ED8FDE-0727-4109-99CE-6CBA2C968E91}.Debug|Any CPU.Build.0 = Debug|Any CPU
		{34ED8FDE-0727-4109-99CE-6CBA2C968E91}.Release|Any CPU.ActiveCfg = Release|Any CPU
		{34ED8FDE-0727-4109-99CE-6CBA2C968E91}.Release|Any CPU.Build.0 = Release|Any CPU
		{1863F88E-85AD-4C14-9E0C-912056610077}.Debug|Any CPU.ActiveCfg = Debug|Any CPU
		{1863F88E-85AD-4C14-9E0C-912056610077}.Debug|Any CPU.Build.0 = Debug|Any CPU
		{1863F88E-85AD-4C14-9E0C-912056610077}.Release|Any CPU.ActiveCfg = Release|Any CPU
		{1863F88E-85AD-4C14-9E0C-912056610077}.Release|Any CPU.Build.0 = Release|Any CPU
		{3BD3FDB9-7E55-4D39-9F90-48097EF7E10E}.Debug|Any CPU.ActiveCfg = Debug|Any CPU
		{3BD3FDB9-7E55-4D39-9F90-48097EF7E10E}.Debug|Any CPU.Build.0 = Debug|Any CPU
		{3BD3FDB9-7E55-4D39-9F90-48097EF7E10E}.Release|Any CPU.ActiveCfg = Release|Any CPU
		{3BD3FDB9-7E55-4D39-9F90-48097EF7E10E}.Release|Any CPU.Build.0 = Release|Any CPU
		{B955BDAC-087A-4D78-A5F7-BD5E627C437A}.Debug|Any CPU.ActiveCfg = Debug|Any CPU
		{B955BDAC-087A-4D78-A5F7-BD5E627C437A}.Debug|Any CPU.Build.0 = Debug|Any CPU
		{B955BDAC-087A-4D78-A5F7-BD5E627C437A}.Release|Any CPU.ActiveCfg = Release|Any CPU
		{B955BDAC-087A-4D78-A5F7-BD5E627C437A}.Release|Any CPU.Build.0 = Release|Any CPU
		{22FBA146-EE9D-49C9-92E7-FEBF3F30CBA7}.Debug|Any CPU.ActiveCfg = Debug|Any CPU
		{22FBA146-EE9D-49C9-92E7-FEBF3F30CBA7}.Debug|Any CPU.Build.0 = Debug|Any CPU
		{22FBA146-EE9D-49C9-92E7-FEBF3F30CBA7}.Release|Any CPU.ActiveCfg = Release|Any CPU
		{22FBA146-EE9D-49C9-92E7-FEBF3F30CBA7}.Release|Any CPU.Build.0 = Release|Any CPU
		{EF20E280-1CDB-4D6C-A75F-587E53820107}.Debug|Any CPU.ActiveCfg = Debug|Any CPU
		{EF20E280-1CDB-4D6C-A75F-587E53820107}.Debug|Any CPU.Build.0 = Debug|Any CPU
		{EF20E280-1CDB-4D6C-A75F-587E53820107}.Release|Any CPU.ActiveCfg = Release|Any CPU
		{EF20E280-1CDB-4D6C-A75F-587E53820107}.Release|Any CPU.Build.0 = Release|Any CPU
		{AB9A37C8-1A30-422D-B98D-460C39C1F2EA}.Debug|Any CPU.ActiveCfg = Debug|Any CPU
		{AB9A37C8-1A30-422D-B98D-460C39C1F2EA}.Debug|Any CPU.Build.0 = Debug|Any CPU
		{AB9A37C8-1A30-422D-B98D-460C39C1F2EA}.Release|Any CPU.ActiveCfg = Release|Any CPU
		{AB9A37C8-1A30-422D-B98D-460C39C1F2EA}.Release|Any CPU.Build.0 = Release|Any CPU
	EndGlobalSection
	GlobalSection(SolutionProperties) = preSolution
		HideSolutionNode = FALSE
	EndGlobalSection
	GlobalSection(NestedProjects) = preSolution
		{3BD3FDB9-7E55-4D39-9F90-48097EF7E10E} = {3E87CFD1-D55E-4DD9-AA5E-7B07901A5FF7}
		{B955BDAC-087A-4D78-A5F7-BD5E627C437A} = {3E87CFD1-D55E-4DD9-AA5E-7B07901A5FF7}
		{22FBA146-EE9D-49C9-92E7-FEBF3F30CBA7} = {3E87CFD1-D55E-4DD9-AA5E-7B07901A5FF7}
		{EF20E280-1CDB-4D6C-A75F-587E53820107} = {A3AE93A1-AEAC-44F2-BDB6-C115F701578A}
		{AB9A37C8-1A30-422D-B98D-460C39C1F2EA} = {A3AE93A1-AEAC-44F2-BDB6-C115F701578A}
	EndGlobalSection
	GlobalSection(ExtensibilityGlobals) = postSolution
		SolutionGuid = {C2B0B278-935F-4A46-96DB-70EA2E7485BE}
	EndGlobalSection
EndGlobal
